// !$*UTF8*$!
{
	archiveVersion = 1;
	classes = {
	};
	objectVersion = 46;
	objects = {

/* Begin PBXBuildFile section */
		38B80EF61B46A4AF00B24A07 /* main.m in Sources */ = {isa = PBXBuildFile; fileRef = 38B80EF51B46A4AF00B24A07 /* main.m */; };
		38B80EF91B46A4AF00B24A07 /* AppDelegate.m in Sources */ = {isa = PBXBuildFile; fileRef = 38B80EF81B46A4AF00B24A07 /* AppDelegate.m */; };
		38B80EFC1B46A4AF00B24A07 /* ViewController.m in Sources */ = {isa = PBXBuildFile; fileRef = 38B80EFB1B46A4AF00B24A07 /* ViewController.m */; };
		38B80EFF1B46A4AF00B24A07 /* Main.storyboard in Resources */ = {isa = PBXBuildFile; fileRef = 38B80EFD1B46A4AF00B24A07 /* Main.storyboard */; };
		38B80F011B46A4AF00B24A07 /* Images.xcassets in Resources */ = {isa = PBXBuildFile; fileRef = 38B80F001B46A4AF00B24A07 /* Images.xcassets */; };
		38B80F041B46A4AF00B24A07 /* LaunchScreen.xib in Resources */ = {isa = PBXBuildFile; fileRef = 38B80F021B46A4AF00B24A07 /* LaunchScreen.xib */; };
		38B80F101B46A4AF00B24A07 /* JsonParsingTests.m in Sources */ = {isa = PBXBuildFile; fileRef = 38B80F0F1B46A4AF00B24A07 /* JsonParsingTests.m */; };
/* End PBXBuildFile section */

/* Begin PBXContainerItemProxy section */
		38B80F0A1B46A4AF00B24A07 /* PBXContainerItemProxy */ = {
			isa = PBXContainerItemProxy;
			containerPortal = 38B80EE81B46A4AE00B24A07 /* Project object */;
			proxyType = 1;
			remoteGlobalIDString = 38B80EEF1B46A4AE00B24A07;
			remoteInfo = JsonParsing;
		};
/* End PBXContainerItemProxy section */

/* Begin PBXFileReference section */
		38B80EF01B46A4AE00B24A07 /* JsonParsing.app */ = {isa = PBXFileReference; explicitFileType = wrapper.application; includeInIndex = 0; path = JsonParsing.app; sourceTree = BUILT_PRODUCTS_DIR; };
		38B80EF41B46A4AF00B24A07 /* Info.plist */ = {isa = PBXFileReference; lastKnownFileType = text.plist.xml; path = Info.plist; sourceTree = "<group>"; };
		38B80EF51B46A4AF00B24A07 /* main.m */ = {isa = PBXFileReference; lastKnownFileType = sourcecode.c.objc; path = main.m; sourceTree = "<group>"; };
		38B80EF71B46A4AF00B24A07 /* AppDelegate.h */ = {isa = PBXFileReference; lastKnownFileType = sourcecode.c.h; path = AppDelegate.h; sourceTree = "<group>"; };
		38B80EF81B46A4AF00B24A07 /* AppDelegate.m */ = {isa = PBXFileReference; lastKnownFileType = sourcecode.c.objc; path = AppDelegate.m; sourceTree = "<group>"; };
		38B80EFA1B46A4AF00B24A07 /* ViewController.h */ = {isa = PBXFileReference; lastKnownFileType = sourcecode.c.h; path = ViewController.h; sourceTree = "<group>"; };
		38B80EFB1B46A4AF00B24A07 /* ViewController.m */ = {isa = PBXFileReference; lastKnownFileType = sourcecode.c.objc; path = ViewController.m; sourceTree = "<group>"; };
		38B80EFE1B46A4AF00B24A07 /* Base */ = {isa = PBXFileReference; lastKnownFileType = file.storyboard; name = Base; path = Base.lproj/Main.storyboard; sourceTree = "<group>"; };
		38B80F001B46A4AF00B24A07 /* Images.xcassets */ = {isa = PBXFileReference; lastKnownFileType = folder.assetcatalog; path = Images.xcassets; sourceTree = "<group>"; };
		38B80F031B46A4AF00B24A07 /* Base */ = {isa = PBXFileReference; lastKnownFileType = file.xib; name = Base; path = Base.lproj/LaunchScreen.xib; sourceTree = "<group>"; };
		38B80F091B46A4AF00B24A07 /* JsonParsingTests.xctest */ = {isa = PBXFileReference; explicitFileType = wrapper.cfbundle; includeInIndex = 0; path = JsonParsingTests.xctest; sourceTree = BUILT_PRODUCTS_DIR; };
		38B80F0E1B46A4AF00B24A07 /* Info.plist */ = {isa = PBXFileReference; lastKnownFileType = text.plist.xml; path = Info.plist; sourceTree = "<group>"; };
		38B80F0F1B46A4AF00B24A07 /* JsonParsingTests.m */ = {isa = PBXFileReference; lastKnownFileType = sourcecode.c.objc; path = JsonParsingTests.m; sourceTree = "<group>"; };
/* End PBXFileReference section */

/* Begin PBXFrameworksBuildPhase section */
		38B80EED1B46A4AE00B24A07 /* Frameworks */ = {
			isa = PBXFrameworksBuildPhase;
			buildActionMask = 2147483647;
			files = (
			);
			runOnlyForDeploymentPostprocessing = 0;
		};
		38B80F061B46A4AF00B24A07 /* Frameworks */ = {
			isa = PBXFrameworksBuildPhase;
			buildActionMask = 2147483647;
			files = (
			);
			runOnlyForDeploymentPostprocessing = 0;
		};
/* End PBXFrameworksBuildPhase section */

/* Begin PBXGroup section */
		38B80EE71B46A4AE00B24A07 = {
			isa = PBXGroup;
			children = (
				38B80EF21B46A4AE00B24A07 /* JsonParsing */,
				38B80F0C1B46A4AF00B24A07 /* JsonParsingTests */,
				38B80EF11B46A4AE00B24A07 /* Products */,
			);
			sourceTree = "<group>";
		};
		38B80EF11B46A4AE00B24A07 /* Products */ = {
			isa = PBXGroup;
			children = (
				38B80EF01B46A4AE00B24A07 /* JsonParsing.app */,
				38B80F091B46A4AF00B24A07 /* JsonParsingTests.xctest */,
			);
			name = Products;
			sourceTree = "<group>";
		};
		38B80EF21B46A4AE00B24A07 /* JsonParsing */ = {
			isa = PBXGroup;
			children = (
				38B80EF71B46A4AF00B24A07 /* AppDelegate.h */,
				38B80EF81B46A4AF00B24A07 /* AppDelegate.m */,
				38B80EFA1B46A4AF00B24A07 /* ViewController.h */,
				38B80EFB1B46A4AF00B24A07 /* ViewController.m */,
				38B80EFD1B46A4AF00B24A07 /* Main.storyboard */,
				38B80F001B46A4AF00B24A07 /* Images.xcassets */,
				38B80F021B46A4AF00B24A07 /* LaunchScreen.xib */,
				38B80EF31B46A4AE00B24A07 /* Supporting Files */,
			);
			path = JsonParsing;
			sourceTree = "<group>";
		};
		38B80EF31B46A4AE00B24A07 /* Supporting Files */ = {
			isa = PBXGroup;
			children = (
				38B80EF41B46A4AF00B24A07 /* Info.plist */,
				38B80EF51B46A4AF00B24A07 /* main.m */,
			);
			name = "Supporting Files";
			sourceTree = "<group>";
		};
		38B80F0C1B46A4AF00B24A07 /* JsonParsingTests */ = {
			isa = PBXGroup;
			children = (
				38B80F0F1B46A4AF00B24A07 /* JsonParsingTests.m */,
				38B80F0D1B46A4AF00B24A07 /* Supporting Files */,
			);
			path = JsonParsingTests;
			sourceTree = "<group>";
		};
		38B80F0D1B46A4AF00B24A07 /* Supporting Files */ = {
			isa = PBXGroup;
			children = (
				38B80F0E1B46A4AF00B24A07 /* Info.plist */,
			);
			name = "Supporting Files";
			sourceTree = "<group>";
		};
/* End PBXGroup section */

/* Begin PBXNativeTarget section */
		38B80EEF1B46A4AE00B24A07 /* JsonParsing */ = {
			isa = PBXNativeTarget;
			buildConfigurationList = 38B80F131B46A4AF00B24A07 /* Build configuration list for PBXNativeTarget "JsonParsing" */;
			buildPhases = (
				38B80EEC1B46A4AE00B24A07 /* Sources */,
				38B80EED1B46A4AE00B24A07 /* Frameworks */,
				38B80EEE1B46A4AE00B24A07 /* Resources */,
			);
			buildRules = (
			);
			dependencies = (
			);
			name = JsonParsing;
			productName = JsonParsing;
			productReference = 38B80EF01B46A4AE00B24A07 /* JsonParsing.app */;
			productType = "com.apple.product-type.application";
		};
		38B80F081B46A4AF00B24A07 /* JsonParsingTests */ = {
			isa = PBXNativeTarget;
			buildConfigurationList = 38B80F161B46A4AF00B24A07 /* Build configuration list for PBXNativeTarget "JsonParsingTests" */;
			buildPhases = (
				38B80F051B46A4AF00B24A07 /* Sources */,
				38B80F061B46A4AF00B24A07 /* Frameworks */,
				38B80F071B46A4AF00B24A07 /* Resources */,
			);
			buildRules = (
			);
			dependencies = (
				38B80F0B1B46A4AF00B24A07 /* PBXTargetDependency */,
			);
			name = JsonParsingTests;
			productName = JsonParsingTests;
			productReference = 38B80F091B46A4AF00B24A07 /* JsonParsingTests.xctest */;
			productType = "com.apple.product-type.bundle.unit-test";
		};
/* End PBXNativeTarget section */

/* Begin PBXProject section */
		38B80EE81B46A4AE00B24A07 /* Project object */ = {
			isa = PBXProject;
			attributes = {
				LastUpgradeCheck = 0610;
				ORGANIZATIONNAME = Akash;
				TargetAttributes = {
					38B80EEF1B46A4AE00B24A07 = {
						CreatedOnToolsVersion = 6.1.1;
					};
					38B80F081B46A4AF00B24A07 = {
						CreatedOnToolsVersion = 6.1.1;
						TestTargetID = 38B80EEF1B46A4AE00B24A07;
					};
				};
			};
			buildConfigurationList = 38B80EEB1B46A4AE00B24A07 /* Build configuration list for PBXProject "JsonParsing" */;
			compatibilityVersion = "Xcode 3.2";
			developmentRegion = English;
			hasScannedForEncodings = 0;
			knownRegions = (
				en,
				Base,
			);
			mainGroup = 38B80EE71B46A4AE00B24A07;
			productRefGroup = 38B80EF11B46A4AE00B24A07 /* Products */;
			projectDirPath = "";
			projectRoot = "";
			targets = (
				38B80EEF1B46A4AE00B24A07 /* JsonParsing */,
				38B80F081B46A4AF00B24A07 /* JsonParsingTests */,
			);
		};
/* End PBXProject section */

/* Begin PBXResourcesBuildPhase section */
		38B80EEE1B46A4AE00B24A07 /* Resources */ = {
			isa = PBXResourcesBuildPhase;
			buildActionMask = 2147483647;
			files = (
				38B80EFF1B46A4AF00B24A07 /* Main.storyboard in Resources */,
				38B80F041B46A4AF00B24A07 /* LaunchScreen.xib in Resources */,
				38B80F011B46A4AF00B24A07 /* Images.xcassets in Resources */,
			);
			runOnlyForDeploymentPostprocessing = 0;
		};
		38B80F071B46A4AF00B24A07 /* Resources */ = {
			isa = PBXResourcesBuildPhase;
			buildActionMask = 2147483647;
			files = (
			);
			runOnlyForDeploymentPostprocessing = 0;
		};
/* End PBXResourcesBuildPhase section */

/* Begin PBXSourcesBuildPhase section */
		38B80EEC1B46A4AE00B24A07 /* Sources */ = {
			isa = PBXSourcesBuildPhase;
			buildActionMask = 2147483647;
			files = (
				38B80EFC1B46A4AF00B24A07 /* ViewController.m in Sources */,
				38B80EF91B46A4AF00B24A07 /* AppDelegate.m in Sources */,
				38B80EF61B46A4AF00B24A07 /* main.m in Sources */,
			);
			runOnlyForDeploymentPostprocessing = 0;
		};
		38B80F051B46A4AF00B24A07 /* Sources */ = {
			isa = PBXSourcesBuildPhase;
			buildActionMask = 2147483647;
			files = (
				38B80F101B46A4AF00B24A07 /* JsonParsingTests.m in Sources */,
			);
			runOnlyForDeploymentPostprocessing = 0;
		};
/* End PBXSourcesBuildPhase section */

/* Begin PBXTargetDependency section */
		38B80F0B1B46A4AF00B24A07 /* PBXTargetDependency */ = {
			isa = PBXTargetDependency;
			target = 38B80EEF1B46A4AE00B24A07 /* JsonParsing */;
			targetProxy = 38B80F0A1B46A4AF00B24A07 /* PBXContainerItemProxy */;
		};
/* End PBXTargetDependency section */

/* Begin PBXVariantGroup section */
		38B80EFD1B46A4AF00B24A07 /* Main.storyboard */ = {
			isa = PBXVariantGroup;
			children = (
				38B80EFE1B46A4AF00B24A07 /* Base */,
			);
			name = Main.storyboard;
			sourceTree = "<group>";
		};
		38B80F021B46A4AF00B24A07 /* LaunchScreen.xib */ = {
			isa = PBXVariantGroup;
			children = (
				38B80F031B46A4AF00B24A07 /* Base */,
			);
			name = LaunchScreen.xib;
			sourceTree = "<group>";
		};
/* End PBXVariantGroup section */

/* Begin XCBuildConfiguration section */
		38B80F111B46A4AF00B24A07 /* Debug */ = {
			isa = XCBuildConfiguration;
			buildSettings = {
				ALWAYS_SEARCH_USER_PATHS = NO;
				CLANG_CXX_LANGUAGE_STANDARD = "gnu++0x";
				CLANG_CXX_LIBRARY = "libc++";
				CLANG_ENABLE_MODULES = YES;
				CLANG_ENABLE_OBJC_ARC = YES;
				CLANG_WARN_BOOL_CONVERSION = YES;
				CLANG_WARN_CONSTANT_CONVERSION = YES;
				CLANG_WARN_DIRECT_OBJC_ISA_USAGE = YES_ERROR;
				CLANG_WARN_EMPTY_BODY = YES;
				CLANG_WARN_ENUM_CONVERSION = YES;
				CLANG_WARN_INT_CONVERSION = YES;
				CLANG_WARN_OBJC_ROOT_CLASS = YES_ERROR;
				CLANG_WARN_UNREACHABLE_CODE = YES;
				CLANG_WARN__DUPLICATE_METHOD_MATCH = YES;
				"CODE_SIGN_IDENTITY[sdk=iphoneos*]" = "iPhone Developer";
				COPY_PHASE_STRIP = NO;
				ENABLE_STRICT_OBJC_MSGSEND = YES;
				GCC_C_LANGUAGE_STANDARD = gnu99;
				GCC_DYNAMIC_NO_PIC = NO;
				GCC_OPTIMIZATION_LEVEL = 0;
				GCC_PREPROCESSOR_DEFINITIONS = (
					"DEBUG=1",
					"$(inherited)",
				);
				GCC_SYMBOLS_PRIVATE_EXTERN = NO;
				GCC_WARN_64_TO_32_BIT_CONVERSION = YES;
				GCC_WARN_ABOUT_RETURN_TYPE = YES_ERROR;
				GCC_WARN_UNDECLARED_SELECTOR = YES;
				GCC_WARN_UNINITIALIZED_AUTOS = YES_AGGRESSIVE;
				GCC_WARN_UNUSED_FUNCTION = YES;
				GCC_WARN_UNUSED_VARIABLE = YES;
				IPHONEOS_DEPLOYMENT_TARGET = 8.1;
				MTL_ENABLE_DEBUG_INFO = YES;
				ONLY_ACTIVE_ARCH = YES;
				SDKROOT = iphoneos;
			};
			name = Debug;
		};
		38B80F121B46A4AF00B24A07 /* Release */ = {
			isa = XCBuildConfiguration;
			buildSettings = {
				ALWAYS_SEARCH_USER_PATHS = NO;
				CLANG_CXX_LANGUAGE_STANDARD = "gnu++0x";
				CLANG_CXX_LIBRARY = "libc++";
				CLANG_ENABLE_MODULES = YES;
				CLANG_ENABLE_OBJC_ARC = YES;
				CLANG_WARN_BOOL_CONVERSION = YES;
				CLANG_WARN_CONSTANT_CONVERSION = YES;
				CLANG_WARN_DIRECT_OBJC_ISA_USAGE = YES_ERROR;
				CLANG_WARN_EMPTY_BODY = YES;
				CLANG_WARN_ENUM_CONVERSION = YES;
				CLANG_WARN_INT_CONVERSION = YES;
				CLANG_WARN_OBJC_ROOT_CLASS = YES_ERROR;
				CLANG_WARN_UNREACHABLE_CODE = YES;
				CLANG_WARN__DUPLICATE_METHOD_MATCH = YES;
				"CODE_SIGN_IDENTITY[sdk=iphoneos*]" = "iPhone Developer";
				COPY_PHASE_STRIP = YES;
				ENABLE_NS_ASSERTIONS = NO;
				ENABLE_STRICT_OBJC_MSGSEND = YES;
				GCC_C_LANGUAGE_STANDARD = gnu99;
				GCC_WARN_64_TO_32_BIT_CONVERSION = YES;
				GCC_WARN_ABOUT_RETURN_TYPE = YES_ERROR;
				GCC_WARN_UNDECLARED_SELECTOR = YES;
				GCC_WARN_UNINITIALIZED_AUTOS = YES_AGGRESSIVE;
				GCC_WARN_UNUSED_FUNCTION = YES;
				GCC_WARN_UNUSED_VARIABLE = YES;
				IPHONEOS_DEPLOYMENT_TARGET = 8.1;
				MTL_ENABLE_DEBUG_INFO = NO;
				SDKROOT = iphoneos;
				VALIDATE_PRODUCT = YES;
			};
			name = Release;
		};
		38B80F141B46A4AF00B24A07 /* Debug */ = {
			isa = XCBuildConfiguration;
			buildSettings = {
				ASSETCATALOG_COMPILER_APPICON_NAME = AppIcon;
				INFOPLIST_FILE = JsonParsing/Info.plist;
				LD_RUNPATH_SEARCH_PATHS = "$(inherited) @executable_path/Frameworks";
				PRODUCT_NAME = "$(TARGET_NAME)";
			};
			name = Debug;
		};
		38B80F151B46A4AF00B24A07 /* Release */ = {
			isa = XCBuildConfiguration;
			buildSettings = {
				ASSETCATALOG_COMPILER_APPICON_NAME = AppIcon;
				INFOPLIST_FILE = JsonParsing/Info.plist;
				LD_RUNPATH_SEARCH_PATHS = "$(inherited) @executable_path/Frameworks";
				PRODUCT_NAME = "$(TARGET_NAME)";
			};
			name = Release;
		};
		38B80F171B46A4AF00B24A07 /* Debug */ = {
			isa = XCBuildConfiguration;
			buildSettings = {
				BUNDLE_LOADER = "$(TEST_HOST)";
				FRAMEWORK_SEARCH_PATHS = (
					"$(SDKROOT)/Developer/Library/Frameworks",
					"$(inherited)",
				);
				GCC_PREPROCESSOR_DEFINITIONS = (
					"DEBUG=1",
					"$(inherited)",
				);
				INFOPLIST_FILE = JsonParsingTests/Info.plist;
				LD_RUNPATH_SEARCH_PATHS = "$(inherited) @executable_path/Frameworks @loader_path/Frameworks";
				PRODUCT_NAME = "$(TARGET_NAME)";
				TEST_HOST = "$(BUILT_PRODUCTS_DIR)/JsonParsing.app/JsonParsing";
			};
			name = Debug;
		};
		38B80F181B46A4AF00B24A07 /* Release */ = {
			isa = XCBuildConfiguration;
			buildSettings = {
				BUNDLE_LOADER = "$(TEST_HOST)";
				FRAMEWORK_SEARCH_PATHS = (
					"$(SDKROOT)/Developer/Library/Frameworks",
					"$(inherited)",
				);
				INFOPLIST_FILE = JsonParsingTests/Info.plist;
				LD_RUNPATH_SEARCH_PATHS = "$(inherited) @executable_path/Frameworks @loader_path/Frameworks";
				PRODUCT_NAME = "$(TARGET_NAME)";
				TEST_HOST = "$(BUILT_PRODUCTS_DIR)/JsonParsing.app/JsonParsing";
			};
			name = Release;
		};
/* End XCBuildConfiguration section */

/* Begin XCConfigurationList section */
		38B80EEB1B46A4AE00B24A07 /* Build configuration list for PBXProject "JsonParsing" */ = {
			isa = XCConfigurationList;
			buildConfigurations = (
				38B80F111B46A4AF00B24A07 /* Debug */,
				38B80F121B46A4AF00B24A07 /* Release */,
			);
			defaultConfigurationIsVisible = 0;
			defaultConfigurationName = Release;
		};
		38B80F131B46A4AF00B24A07 /* Build configuration list for PBXNativeTarget "JsonParsing" */ = {
			isa = XCConfigurationList;
			buildConfigurations = (
				38B80F141B46A4AF00B24A07 /* Debug */,
				38B80F151B46A4AF00B24A07 /* Release */,
			);
			defaultConfigurationIsVisible = 0;
		};
		38B80F161B46A4AF00B24A07 /* Build configuration list for PBXNativeTarget "JsonParsingTests" */ = {
			isa = XCConfigurationList;
			buildConfigurations = (
				38B80F171B46A4AF00B24A07 /* Debug */,
				38B80F181B46A4AF00B24A07 /* Release */,
			);
			defaultConfigurationIsVisible = 0;
		};
/* End XCConfigurationList section */
	};
	rootObject = 38B80EE81B46A4AE00B24A07 /* Project object */;
}
